{
  "version": 4,
  "terraform_version": "0.14.7",
  "serial": 5,
  "lineage": "56fab5b5-3e4e-761e-e351-2f36bf7c5674",
  "outputs": {},
  "resources": [
    {
      "mode": "managed",
      "type": "google_compute_instance",
      "name": "webserver",
      "provider": "provider[\"registry.terraform.io/hashicorp/google\"]",
      "instances": [
        {
          "schema_version": 6,
          "attributes": {
            "allow_stopping_for_update": null,
            "attached_disk": [],
            "boot_disk": [
              {
                "auto_delete": true,
                "device_name": "persistent-disk-0",
                "disk_encryption_key_raw": "",
                "disk_encryption_key_sha256": "",
                "initialize_params": [
                  {
                    "image": "https://www.googleapis.com/compute/v1/projects/debian-cloud/global/images/debian-9-stretch-v20210609",
                    "labels": {},
                    "size": 10,
                    "type": "pd-standard"
                  }
                ],
                "kms_key_self_link": "",
                "mode": "READ_WRITE",
                "source": "https://www.googleapis.com/compute/v1/projects/tabajara-316317/zones/us-east1-b/disks/vm-webserver"
              }
            ],
            "can_ip_forward": false,
            "confidential_instance_config": [],
            "cpu_platform": "Intel Haswell",
            "current_status": "RUNNING",
            "deletion_protection": false,
            "description": "",
            "desired_status": null,
            "enable_display": false,
            "guest_accelerator": [],
            "hostname": "",
            "id": "projects/tabajara-316317/zones/us-east1-b/instances/vm-webserver",
            "instance_id": "6936276017621946032",
            "label_fingerprint": "42WmSpB8rSM=",
            "labels": null,
            "machine_type": "f1-micro",
            "metadata": null,
            "metadata_fingerprint": "rRCtZJ71_UA=",
            "metadata_startup_script": "sudo apt-get update;sudo apt-get install apache2 -y;echo Testando \u003e /var/www/html/index.html",
            "min_cpu_platform": "",
            "name": "vm-webserver",
            "network_interface": [
              {
                "access_config": [
                  {
                    "nat_ip": "34.74.27.121",
                    "network_tier": "PREMIUM",
                    "public_ptr_domain_name": ""
                  }
                ],
                "alias_ip_range": [],
                "name": "nic0",
                "network": "https://www.googleapis.com/compute/v1/projects/tabajara-316317/global/networks/default",
                "network_ip": "10.142.0.2",
                "nic_type": "",
                "subnetwork": "https://www.googleapis.com/compute/v1/projects/tabajara-316317/regions/us-east1/subnetworks/default",
                "subnetwork_project": "tabajara-316317"
              }
            ],
            "project": "tabajara-316317",
            "reservation_affinity": [],
            "resource_policies": null,
            "scheduling": [
              {
                "automatic_restart": true,
                "min_node_cpus": 0,
                "node_affinities": [],
                "on_host_maintenance": "MIGRATE",
                "preemptible": false
              }
            ],
            "scratch_disk": [],
            "self_link": "https://www.googleapis.com/compute/v1/projects/tabajara-316317/zones/us-east1-b/instances/vm-webserver",
            "service_account": [],
            "shielded_instance_config": [],
            "tags": null,
            "tags_fingerprint": "42WmSpB8rSM=",
            "timeouts": null,
            "zone": "us-east1-b"
          },
          "sensitive_attributes": [],
          "private": "eyJlMmJmYjczMC1lY2FhLTExZTYtOGY4OC0zNDM2M2JjN2M0YzAiOnsiY3JlYXRlIjoxMjAwMDAwMDAwMDAwLCJkZWxldGUiOjEyMDAwMDAwMDAwMDAsInVwZGF0ZSI6MTIwMDAwMDAwMDAwMH0sInNjaGVtYV92ZXJzaW9uIjoiNiJ9"
        }
      ]
    },
    {
      "mode": "managed",
      "type": "google_compute_network",
      "name": "vpc_terraform",
      "provider": "provider[\"registry.terraform.io/hashicorp/google\"]",
      "instances": [
        {
          "schema_version": 0,
          "attributes": {
            "auto_create_subnetworks": true,
            "delete_default_routes_on_create": false,
            "description": "",
            "gateway_ipv4": "",
            "id": "projects/tabajara-316317/global/networks/vpc-terraform",
            "mtu": 0,
            "name": "vpc-terraform",
            "project": "tabajara-316317",
            "routing_mode": "REGIONAL",
            "self_link": "https://www.googleapis.com/compute/v1/projects/tabajara-316317/global/networks/vpc-terraform",
            "timeouts": null
          },
          "sensitive_attributes": [],
          "private": "eyJlMmJmYjczMC1lY2FhLTExZTYtOGY4OC0zNDM2M2JjN2M0YzAiOnsiY3JlYXRlIjoyNDAwMDAwMDAwMDAsImRlbGV0ZSI6MjQwMDAwMDAwMDAwLCJ1cGRhdGUiOjI0MDAwMDAwMDAwMH19"
        }
      ]
    }
  ]
}
